{
  "requires": true,
  "lockfileVersion": 1,
  "dependencies": {
    "camera-controls": {
      "version": "1.19.1",
      "resolved": "https://registry.npmjs.org/camera-controls/-/camera-controls-1.19.1.tgz",
      "integrity": "sha512-iBMvk2F9pma7TeHbLx9E2nI6WEuUeF0x8VqJBM+BbnlqeE93itStpJDm7adkZ+t7dupuXgTnDgvn/7RWqiI56g=="
    },
    "three": {
      "version": "0.114.0",
      "resolved": "https://registry.npmjs.org/three/-/three-0.114.0.tgz",
      "integrity": "sha512-3av45FxJeqYm7Rl02dfGBoqTaf2a934oUB4zMNrN8xjmASoSGeeykYoAr35+UntTdJDY/STw6CY3KuXFBWETig=="
    }
  }
}
